
Microsoft Visual Studio Solution File, Format Version 12.00
# Visual Studio Version 17
VisualStudioVersion = 17.0.31903.59
MinimumVisualStudioVersion = 10.0.40219.1
Project("{2150E333-8FDC-42A3-9474-1A3956D46DE8}") = "src", "src", "{26165883-B3FC-4A01-A15D-D87CF07EE385}"
EndProject
Project("{2150E333-8FDC-42A3-9474-1A3956D46DE8}") = "test", "test", "{09D960B8-4499-485A-A3FB-4C49B0A13D11}"
EndProject
Project("{FAE04EC0-301F-11D3-BF4B-00C04F79EFBC}") = "Loaf.Core", "Loaf.Core\Loaf.Core.csproj", "{EE97D5D9-B5BB-439D-9223-4D55C9110EDC}"
EndProject
Project("{2150E333-8FDC-42A3-9474-1A3956D46DE8}") = "applications", "applications", "{EBB3FBD5-90D1-4200-B953-4B84546647CD}"
EndProject
Project("{FAE04EC0-301F-11D3-BF4B-00C04F79EFBC}") = "Loaf.Admin", "applications\Loaf.Admin\Loaf.Admin.csproj", "{3626C3C0-8605-4DF1-BD48-1F10FF7ECCF3}"
EndProject
Global
	GlobalSection(SolutionConfigurationPlatforms) = preSolution
		Debug|Any CPU = Debug|Any CPU
		Release|Any CPU = Release|Any CPU
	EndGlobalSection
	GlobalSection(ProjectConfigurationPlatforms) = postSolution
		{EE97D5D9-B5BB-439D-9223-4D55C9110EDC}.Debug|Any CPU.ActiveCfg = Debug|Any CPU
		{EE97D5D9-B5BB-439D-9223-4D55C9110EDC}.Debug|Any CPU.Build.0 = Debug|Any CPU
		{EE97D5D9-B5BB-439D-9223-4D55C9110EDC}.Release|Any CPU.ActiveCfg = Release|Any CPU
		{EE97D5D9-B5BB-439D-9223-4D55C9110EDC}.Release|Any CPU.Build.0 = Release|Any CPU
		{3626C3C0-8605-4DF1-BD48-1F10FF7ECCF3}.Debug|Any CPU.ActiveCfg = Debug|Any CPU
		{3626C3C0-8605-4DF1-BD48-1F10FF7ECCF3}.Debug|Any CPU.Build.0 = Debug|Any CPU
		{3626C3C0-8605-4DF1-BD48-1F10FF7ECCF3}.Release|Any CPU.ActiveCfg = Release|Any CPU
		{3626C3C0-8605-4DF1-BD48-1F10FF7ECCF3}.Release|Any CPU.Build.0 = Release|Any CPU
	EndGlobalSection
	GlobalSection(SolutionProperties) = preSolution
		HideSolutionNode = FALSE
	EndGlobalSection
	GlobalSection(NestedProjects) = preSolution
		{EE97D5D9-B5BB-439D-9223-4D55C9110EDC} = {26165883-B3FC-4A01-A15D-D87CF07EE385}
		{3626C3C0-8605-4DF1-BD48-1F10FF7ECCF3} = {EBB3FBD5-90D1-4200-B953-4B84546647CD}
	EndGlobalSection
	GlobalSection(ExtensibilityGlobals) = postSolution
		SolutionGuid = {B23B9414-73CC-41D2-A8E7-EF46768ABC44}
	EndGlobalSection
EndGlobal
