
Microsoft Visual Studio Solution File, Format Version 12.00
# Visual Studio Version 17
VisualStudioVersion = 17.0.31903.59
MinimumVisualStudioVersion = 10.0.40219.1
Project("{2150E333-8FDC-42A3-9474-1A3956D46DE8}") = "src", "src", "{26165883-B3FC-4A01-A15D-D87CF07EE385}"
EndProject
Project("{2150E333-8FDC-42A3-9474-1A3956D46DE8}") = "test", "test", "{09D960B8-4499-485A-A3FB-4C49B0A13D11}"
EndProject
Project("{9A19103F-16F7-4668-BE54-9A1E7A4F7556}") = "Loaf.Core", "src\Loaf.Core\Loaf.Core.csproj", "{836A5C23-8DEA-4117-A259-89D40217D0A7}"
EndProject
Project("{9A19103F-16F7-4668-BE54-9A1E7A4F7556}") = "Loaf.Core.Tests", "test\Loaf.Core.Tests\Loaf.Core.Tests.csproj", "{C2193042-92E4-48CF-93D7-35E1E118C38C}"
EndProject
Project("{9A19103F-16F7-4668-BE54-9A1E7A4F7556}") = "Loaf.EntityFrameworkCore", "src\Loaf.EntityFrameworkCore\Loaf.EntityFrameworkCore.csproj", "{0EA45695-505E-43D7-96C6-FEDB07580677}"
EndProject
Project("{9A19103F-16F7-4668-BE54-9A1E7A4F7556}") = "Loaf.EntityFrameworkCore.Tests", "test\Loaf.EntityFrameworkCore.Tests\Loaf.EntityFrameworkCore.Tests.csproj", "{489D1E4F-CAEA-4D71-AAF5-A12C711B648A}"
EndProject
Project("{2150E333-8FDC-42A3-9474-1A3956D46DE8}") = "解决方案项", "解决方案项", "{F36D3761-C1F2-446A-8B7F-C6DCD0E747AA}"
	ProjectSection(SolutionItems) = preProject
		.drone.yml = .drone.yml
		.gitignore = .gitignore
		common.props = common.props
		LICENSE.txt = LICENSE.txt
		Nuget.Config = Nuget.Config
		README.md = README.md
	EndProjectSection
EndProject
Global
	GlobalSection(SolutionConfigurationPlatforms) = preSolution
		Debug|Any CPU = Debug|Any CPU
		Release|Any CPU = Release|Any CPU
	EndGlobalSection
	GlobalSection(ProjectConfigurationPlatforms) = postSolution
		{836A5C23-8DEA-4117-A259-89D40217D0A7}.Debug|Any CPU.ActiveCfg = Debug|Any CPU
		{836A5C23-8DEA-4117-A259-89D40217D0A7}.Debug|Any CPU.Build.0 = Debug|Any CPU
		{836A5C23-8DEA-4117-A259-89D40217D0A7}.Release|Any CPU.ActiveCfg = Release|Any CPU
		{836A5C23-8DEA-4117-A259-89D40217D0A7}.Release|Any CPU.Build.0 = Release|Any CPU
		{C2193042-92E4-48CF-93D7-35E1E118C38C}.Debug|Any CPU.ActiveCfg = Debug|Any CPU
		{C2193042-92E4-48CF-93D7-35E1E118C38C}.Debug|Any CPU.Build.0 = Debug|Any CPU
		{C2193042-92E4-48CF-93D7-35E1E118C38C}.Release|Any CPU.ActiveCfg = Release|Any CPU
		{C2193042-92E4-48CF-93D7-35E1E118C38C}.Release|Any CPU.Build.0 = Release|Any CPU
		{0EA45695-505E-43D7-96C6-FEDB07580677}.Debug|Any CPU.ActiveCfg = Debug|Any CPU
		{0EA45695-505E-43D7-96C6-FEDB07580677}.Debug|Any CPU.Build.0 = Debug|Any CPU
		{0EA45695-505E-43D7-96C6-FEDB07580677}.Release|Any CPU.ActiveCfg = Release|Any CPU
		{0EA45695-505E-43D7-96C6-FEDB07580677}.Release|Any CPU.Build.0 = Release|Any CPU
		{489D1E4F-CAEA-4D71-AAF5-A12C711B648A}.Debug|Any CPU.ActiveCfg = Debug|Any CPU
		{489D1E4F-CAEA-4D71-AAF5-A12C711B648A}.Debug|Any CPU.Build.0 = Debug|Any CPU
		{489D1E4F-CAEA-4D71-AAF5-A12C711B648A}.Release|Any CPU.ActiveCfg = Release|Any CPU
		{489D1E4F-CAEA-4D71-AAF5-A12C711B648A}.Release|Any CPU.Build.0 = Release|Any CPU
	EndGlobalSection
	GlobalSection(SolutionProperties) = preSolution
		HideSolutionNode = FALSE
	EndGlobalSection
	GlobalSection(NestedProjects) = preSolution
		{836A5C23-8DEA-4117-A259-89D40217D0A7} = {26165883-B3FC-4A01-A15D-D87CF07EE385}
		{C2193042-92E4-48CF-93D7-35E1E118C38C} = {09D960B8-4499-485A-A3FB-4C49B0A13D11}
		{0EA45695-505E-43D7-96C6-FEDB07580677} = {26165883-B3FC-4A01-A15D-D87CF07EE385}
		{489D1E4F-CAEA-4D71-AAF5-A12C711B648A} = {09D960B8-4499-485A-A3FB-4C49B0A13D11}
	EndGlobalSection
	GlobalSection(ExtensibilityGlobals) = postSolution
		SolutionGuid = {B23B9414-73CC-41D2-A8E7-EF46768ABC44}
	EndGlobalSection
EndGlobal
